
Microsoft Visual Studio Solution File, Format Version 12.00
# Visual Studio Version 17
VisualStudioVersion = 17.2.32616.157
MinimumVisualStudioVersion = 10.0.40219.1
Project("{FAE04EC0-301F-11D3-BF4B-00C04F79EFBC}") = "Lab_3_1_25", "Lab_3_1_25.csproj", "{FC1AA453-0BA1-4A20-A5E1-FB579238F28B}"
EndProject
Global
	GlobalSection(SolutionConfigurationPlatforms) = preSolution
		Debug|Any CPU = Debug|Any CPU
		Release|Any CPU = Release|Any CPU
	EndGlobalSection
	GlobalSection(ProjectConfigurationPlatforms) = postSolution
		{FC1AA453-0BA1-4A20-A5E1-FB579238F28B}.Debug|Any CPU.ActiveCfg = Debug|Any CPU
		{FC1AA453-0BA1-4A20-A5E1-FB579238F28B}.Debug|Any CPU.Build.0 = Debug|Any CPU
		{FC1AA453-0BA1-4A20-A5E1-FB579238F28B}.Release|Any CPU.ActiveCfg = Release|Any CPU
		{FC1AA453-0BA1-4A20-A5E1-FB579238F28B}.Release|Any CPU.Build.0 = Release|Any CPU
	EndGlobalSection
	GlobalSection(SolutionProperties) = preSolution
		HideSolutionNode = FALSE
	EndGlobalSection
	GlobalSection(ExtensibilityGlobals) = postSolution
		SolutionGuid = {67A466CC-5A93-44ED-921B-9204B588957C}
	EndGlobalSection
EndGlobal
